
Microsoft Visual Studio Solution File, Format Version 12.00
# Visual Studio Version 16
VisualStudioVersion = 16.0.30011.22
MinimumVisualStudioVersion = 10.0.40219.1
Project("{FAE04EC0-301F-11D3-BF4B-00C04F79EFBC}") = "ByteTraderDailyJobs", "ByteTraderDailyJobs\ByteTraderDailyJobs.csproj", "{A674362F-1C09-4B93-9CB5-00DABFFFD480}"
EndProject
Global
	GlobalSection(SolutionConfigurationPlatforms) = preSolution
		Debug|Any CPU = Debug|Any CPU
		Release|Any CPU = Release|Any CPU
	EndGlobalSection
	GlobalSection(ProjectConfigurationPlatforms) = postSolution
		{A674362F-1C09-4B93-9CB5-00DABFFFD480}.Debug|Any CPU.ActiveCfg = Debug|Any CPU
		{A674362F-1C09-4B93-9CB5-00DABFFFD480}.Debug|Any CPU.Build.0 = Debug|Any CPU
		{A674362F-1C09-4B93-9CB5-00DABFFFD480}.Release|Any CPU.ActiveCfg = Release|Any CPU
		{A674362F-1C09-4B93-9CB5-00DABFFFD480}.Release|Any CPU.Build.0 = Release|Any CPU
	EndGlobalSection
	GlobalSection(SolutionProperties) = preSolution
		HideSolutionNode = FALSE
	EndGlobalSection
	GlobalSection(ExtensibilityGlobals) = postSolution
		SolutionGuid = {70E2BF35-C036-4EE5-9967-866246304936}
	EndGlobalSection
EndGlobal
